
Microsoft Visual Studio Solution File, Format Version 12.00
# Visual Studio Version 17
VisualStudioVersion = 17.11.35312.102
MinimumVisualStudioVersion = 10.0.40219.1
Project("{FAE04EC0-301F-11D3-BF4B-00C04F79EFBC}") = "Olimpia", "Olimpia\Olimpia.csproj", "{CC0C1BB6-4978-4C16-9157-93DB5C707DC9}"
EndProject
Project("{2150E333-8FDC-42A3-9474-1A3956D46DE8}") = "Solution Items", "Solution Items", "{0937CD4C-6980-420F-A7E0-E787C3E7333E}"
	ProjectSection(SolutionItems) = preProject
		.gitignore = .gitignore
	EndProjectSection
EndProject
Global
	GlobalSection(SolutionConfigurationPlatforms) = preSolution
		Debug|Any CPU = Debug|Any CPU
		Release|Any CPU = Release|Any CPU
	EndGlobalSection
	GlobalSection(ProjectConfigurationPlatforms) = postSolution
		{CC0C1BB6-4978-4C16-9157-93DB5C707DC9}.Debug|Any CPU.ActiveCfg = Debug|Any CPU
		{CC0C1BB6-4978-4C16-9157-93DB5C707DC9}.Debug|Any CPU.Build.0 = Debug|Any CPU
		{CC0C1BB6-4978-4C16-9157-93DB5C707DC9}.Release|Any CPU.ActiveCfg = Release|Any CPU
		{CC0C1BB6-4978-4C16-9157-93DB5C707DC9}.Release|Any CPU.Build.0 = Release|Any CPU
	EndGlobalSection
	GlobalSection(SolutionProperties) = preSolution
		HideSolutionNode = FALSE
	EndGlobalSection
	GlobalSection(ExtensibilityGlobals) = postSolution
		SolutionGuid = {51271FF3-B78E-4CF5-9050-B5C46E88A442}
	EndGlobalSection
EndGlobal
